
Microsoft Visual Studio Solution File, Format Version 12.00
# Visual Studio Version 17
VisualStudioVersion = 17.6.33829.357
MinimumVisualStudioVersion = 10.0.40219.1
Project("{9A19103F-16F7-4668-BE54-9A1E7A4F7556}") = "ConsoleApp1", "ConsoleApp1\ConsoleApp1.csproj", "{EB632446-2A1F-4C62-AD13-9B76BEB9FA21}"
EndProject
Project("{9A19103F-16F7-4668-BE54-9A1E7A4F7556}") = "Calculator", "calculator\Calculator.csproj", "{B32BDDE4-48B8-475A-91C8-23A430E26A8B}"
EndProject
Project("{9A19103F-16F7-4668-BE54-9A1E7A4F7556}") = "Structures", "Structures\Structures.csproj", "{0C728830-5E66-434A-9803-22FFAF15DD83}"
EndProject
Project("{9A19103F-16F7-4668-BE54-9A1E7A4F7556}") = "MatrixHandling", "MatrixHandling\MatrixHandling.csproj", "{7D9FBCCA-D3CB-4127-AD48-458EE79FDC94}"
EndProject
Project("{9A19103F-16F7-4668-BE54-9A1E7A4F7556}") = "StringsHandling", "StringsHandling\StringsHandling.csproj", "{BD20BBC1-E00E-4DB7-B977-A86AAEA811A5}"
EndProject
Project("{9A19103F-16F7-4668-BE54-9A1E7A4F7556}") = "ProductInvertory", "ProductInvertory\ProductInvertory.csproj", "{FAF180A9-AAB4-4755-8C77-453EC79497C6}"
EndProject
Project("{9A19103F-16F7-4668-BE54-9A1E7A4F7556}") = "MyToDoList", "MyToDoList\MyToDoList.csproj", "{4013B76E-71E7-4527-A092-08351D8DB6C2}"
EndProject
Project("{9A19103F-16F7-4668-BE54-9A1E7A4F7556}") = "ProductsApi", "..\ProductsApi\ProductsApi\ProductsApi.csproj", "{AB2D1DE9-8417-4A09-B8E5-D1A37AE7D9CC}"
EndProject
Global
	GlobalSection(SolutionConfigurationPlatforms) = preSolution
		Debug|Any CPU = Debug|Any CPU
		Release|Any CPU = Release|Any CPU
	EndGlobalSection
	GlobalSection(ProjectConfigurationPlatforms) = postSolution
		{EB632446-2A1F-4C62-AD13-9B76BEB9FA21}.Debug|Any CPU.ActiveCfg = Debug|Any CPU
		{EB632446-2A1F-4C62-AD13-9B76BEB9FA21}.Debug|Any CPU.Build.0 = Debug|Any CPU
		{EB632446-2A1F-4C62-AD13-9B76BEB9FA21}.Release|Any CPU.ActiveCfg = Release|Any CPU
		{EB632446-2A1F-4C62-AD13-9B76BEB9FA21}.Release|Any CPU.Build.0 = Release|Any CPU
		{B32BDDE4-48B8-475A-91C8-23A430E26A8B}.Debug|Any CPU.ActiveCfg = Debug|Any CPU
		{B32BDDE4-48B8-475A-91C8-23A430E26A8B}.Debug|Any CPU.Build.0 = Debug|Any CPU
		{B32BDDE4-48B8-475A-91C8-23A430E26A8B}.Release|Any CPU.ActiveCfg = Release|Any CPU
		{B32BDDE4-48B8-475A-91C8-23A430E26A8B}.Release|Any CPU.Build.0 = Release|Any CPU
		{0C728830-5E66-434A-9803-22FFAF15DD83}.Debug|Any CPU.ActiveCfg = Debug|Any CPU
		{0C728830-5E66-434A-9803-22FFAF15DD83}.Debug|Any CPU.Build.0 = Debug|Any CPU
		{0C728830-5E66-434A-9803-22FFAF15DD83}.Release|Any CPU.ActiveCfg = Release|Any CPU
		{0C728830-5E66-434A-9803-22FFAF15DD83}.Release|Any CPU.Build.0 = Release|Any CPU
		{7D9FBCCA-D3CB-4127-AD48-458EE79FDC94}.Debug|Any CPU.ActiveCfg = Debug|Any CPU
		{7D9FBCCA-D3CB-4127-AD48-458EE79FDC94}.Debug|Any CPU.Build.0 = Debug|Any CPU
		{7D9FBCCA-D3CB-4127-AD48-458EE79FDC94}.Release|Any CPU.ActiveCfg = Release|Any CPU
		{7D9FBCCA-D3CB-4127-AD48-458EE79FDC94}.Release|Any CPU.Build.0 = Release|Any CPU
		{BD20BBC1-E00E-4DB7-B977-A86AAEA811A5}.Debug|Any CPU.ActiveCfg = Debug|Any CPU
		{BD20BBC1-E00E-4DB7-B977-A86AAEA811A5}.Debug|Any CPU.Build.0 = Debug|Any CPU
		{BD20BBC1-E00E-4DB7-B977-A86AAEA811A5}.Release|Any CPU.ActiveCfg = Release|Any CPU
		{BD20BBC1-E00E-4DB7-B977-A86AAEA811A5}.Release|Any CPU.Build.0 = Release|Any CPU
		{FAF180A9-AAB4-4755-8C77-453EC79497C6}.Debug|Any CPU.ActiveCfg = Debug|Any CPU
		{FAF180A9-AAB4-4755-8C77-453EC79497C6}.Debug|Any CPU.Build.0 = Debug|Any CPU
		{FAF180A9-AAB4-4755-8C77-453EC79497C6}.Release|Any CPU.ActiveCfg = Release|Any CPU
		{FAF180A9-AAB4-4755-8C77-453EC79497C6}.Release|Any CPU.Build.0 = Release|Any CPU
		{4013B76E-71E7-4527-A092-08351D8DB6C2}.Debug|Any CPU.ActiveCfg = Debug|Any CPU
		{4013B76E-71E7-4527-A092-08351D8DB6C2}.Debug|Any CPU.Build.0 = Debug|Any CPU
		{4013B76E-71E7-4527-A092-08351D8DB6C2}.Release|Any CPU.ActiveCfg = Release|Any CPU
		{4013B76E-71E7-4527-A092-08351D8DB6C2}.Release|Any CPU.Build.0 = Release|Any CPU
		{AB2D1DE9-8417-4A09-B8E5-D1A37AE7D9CC}.Debug|Any CPU.ActiveCfg = Debug|Any CPU
		{AB2D1DE9-8417-4A09-B8E5-D1A37AE7D9CC}.Debug|Any CPU.Build.0 = Debug|Any CPU
		{AB2D1DE9-8417-4A09-B8E5-D1A37AE7D9CC}.Release|Any CPU.ActiveCfg = Release|Any CPU
		{AB2D1DE9-8417-4A09-B8E5-D1A37AE7D9CC}.Release|Any CPU.Build.0 = Release|Any CPU
	EndGlobalSection
	GlobalSection(SolutionProperties) = preSolution
		HideSolutionNode = FALSE
	EndGlobalSection
	GlobalSection(ExtensibilityGlobals) = postSolution
		SolutionGuid = {1CA31CDB-BD43-44FE-A2E4-77C281EF7CEC}
	EndGlobalSection
EndGlobal
